<?xml version="1.0" encoding="utf-8"?>
<Project ToolsVersion="4.0" xmlns="http://schemas.microsoft.com/developer/msbuild/2003">
  <ItemGroup>
    <Filter Include="Source Files">
      <UniqueIdentifier>{4FC737F1-C7A5-4376-A066-2A32D752A2FF}</UniqueIdentifier>
      <Extensions>cpp;c;cc;cxx;def;odl;idl;hpj;bat;asm;asmx</Extensions>
    </Filter>
    <Filter Include="Header Files">
      <UniqueIdentifier>{93995380-89BD-4b04-88EB-625FBE52EBFB}</UniqueIdentifier>
      <Extensions>h;hh;hpp;hxx;hm;inl;inc;ipp;xsd</Extensions>
    </Filter>
    <Filter Include="Resource Files">
      <UniqueIdentifier>{67DA6AB6-F800-4c08-8B7A-83BB121AAD01}</UniqueIdentifier>
      <Extensions>rc;ico;cur;bmp;dlg;rc2;rct;bin;rgs;gif;jpg;jpeg;jpe;resx;tiff;tif;png;wav;mfcribbon-ms</Extensions>
    </Filter>
    <Filter Include="Components">
      <UniqueIdentifier>{1856f23c-347c-4eee-bf7c-4b0c92ea47fd}</UniqueIdentifier>
    </Filter>
    <Filter Include="Graphics">
      <UniqueIdentifier>{b20c89db-e838-4404-a413-238d7e92371b}</UniqueIdentifier>
    </Filter>
    <Filter Include="Components\Headers">
      <UniqueIdentifier>{1eb8766e-bbad-498d-b462-b3c29e972668}</UniqueIdentifier>
    </Filter>
    <Filter Include="Graphics\Headers">
      <UniqueIdentifier>{931e20d6-698d-4775-a51c-273741d8c306}</UniqueIdentifier>
    </Filter>
    <Filter Include="Graphics\ImGUI">
      <UniqueIdentifier>{802cb82c-e8f3-4524-b4e6-8bc865683697}</UniqueIdentifier>
    </Filter>
    <Filter Include="Lua Scripts">
      <UniqueIdentifier>{a09a766b-8563-4e14-9b11-2e8763827523}</UniqueIdentifier>
    </Filter>
  </ItemGroup>
  <ItemGroup>
    <ClCompile Include="Components\Component.cpp">
      <Filter>Components</Filter>
    </ClCompile>
    <ClCompile Include="Components\Transform.cpp">
      <Filter>Components</Filter>
    </ClCompile>
    <ClCompile Include="Components\Drawable.cpp">
      <Filter>Components</Filter>
    </ClCompile>
    <ClCompile Include="FrameRateController.cpp">
      <Filter>Source Files</Filter>
    </ClCompile>
    <ClCompile Include="GameObjectFactory.cpp">
      <Filter>Source Files</Filter>
    </ClCompile>
    <ClCompile Include="InputManager.cpp">
      <Filter>Source Files</Filter>
    </ClCompile>
    <ClCompile Include="Math2D.cpp">
      <Filter>Source Files</Filter>
    </ClCompile>
    <ClCompile Include="Matrix2D.cpp">
      <Filter>Source Files</Filter>
    </ClCompile>
    <ClCompile Include="ResourceManager.cpp">
      <Filter>Source Files</Filter>
    </ClCompile>
    <ClCompile Include="Graphics\Graphics.cpp">
      <Filter>Graphics</Filter>
    </ClCompile>
    <ClCompile Include="Components\GameObject.cpp">
      <Filter>Components</Filter>
    </ClCompile>
    <ClCompile Include="Components\GameObjectManager.cpp">
      <Filter>Components</Filter>
    </ClCompile>
    <ClCompile Include="Vector2D.cpp">
      <Filter>Source Files</Filter>
    </ClCompile>
    <ClCompile Include="Components\SquareCollider.cpp">
      <Filter>Components</Filter>
    </ClCompile>
    <ClCompile Include="Components\MeshCollider.cpp">
      <Filter>Components</Filter>
    </ClCompile>
    <ClCompile Include="EventManager.cpp">
      <Filter>Source Files</Filter>
    </ClCompile>
    <ClCompile Include="Components\Camera.cpp">
      <Filter>Components</Filter>
    </ClCompile>
    <ClCompile Include="GameManager.cpp">
      <Filter>Source Files</Filter>
    </ClCompile>
    <ClCompile Include="LFT Click Engine.cpp">
      <Filter>Source Files</Filter>
    </ClCompile>
    <ClCompile Include="..\Libraries\imgui-1.82\imgui_demo.cpp">
      <Filter>Graphics\ImGUI</Filter>
    </ClCompile>
    <ClCompile Include="..\Libraries\imgui-1.82\imgui_draw.cpp">
      <Filter>Graphics\ImGUI</Filter>
    </ClCompile>
    <ClCompile Include="..\Libraries\imgui-1.82\backends\imgui_impl_dx11.cpp">
      <Filter>Graphics\ImGUI</Filter>
    </ClCompile>
    <ClCompile Include="..\Libraries\imgui-1.82\backends\imgui_impl_sdl.cpp">
      <Filter>Graphics\ImGUI</Filter>
    </ClCompile>
    <ClCompile Include="..\Libraries\imgui-1.82\misc\cpp\imgui_stdlib.cpp">
      <Filter>Graphics\ImGUI</Filter>
    </ClCompile>
    <ClCompile Include="..\Libraries\imgui-1.82\imgui_tables.cpp">
      <Filter>Graphics\ImGUI</Filter>
    </ClCompile>
    <ClCompile Include="..\Libraries\imgui-1.82\imgui_widgets.cpp">
      <Filter>Graphics\ImGUI</Filter>
    </ClCompile>
    <ClCompile Include="..\Libraries\imgui-1.82\imgui.cpp">
      <Filter>Graphics\ImGUI</Filter>
    </ClCompile>
    <ClCompile Include="AudioManager.cpp">
      <Filter>Source Files</Filter>
    </ClCompile>
    <ClCompile Include="Components\Audible.cpp">
      <Filter>Source Files</Filter>
    </ClCompile>
    <ClCompile Include="Components\SpriteAnimator.cpp">
      <Filter>Components</Filter>
    </ClCompile>
    <ClCompile Include="Components\Player.h">
      <Filter>Components\Headers</Filter>
    </ClCompile>
    <ClCompile Include="Components\Player.cpp">
      <Filter>Components</Filter>
    </ClCompile>
    <ClCompile Include="Components\Bullet.cpp">
      <Filter>Components</Filter>
    </ClCompile>
  </ItemGroup>
  <ItemGroup>
    <ClInclude Include="FrameRateController.h">
      <Filter>Header Files</Filter>
    </ClInclude>
    <ClInclude Include="GameObjectFactory.h">
      <Filter>Header Files</Filter>
    </ClInclude>
    <ClInclude Include="InputManager.h">
      <Filter>Header Files</Filter>
    </ClInclude>
    <ClInclude Include="Math2D.h">
      <Filter>Header Files</Filter>
    </ClInclude>
    <ClInclude Include="Matrix2D.h">
      <Filter>Header Files</Filter>
    </ClInclude>
    <ClInclude Include="ResourceManager.h">
      <Filter>Header Files</Filter>
    </ClInclude>
    <ClInclude Include="Vector2D.h">
      <Filter>Header Files</Filter>
    </ClInclude>
    <ClInclude Include="Messages.h">
      <Filter>Header Files</Filter>
    </ClInclude>
    <ClInclude Include="EventManager.h">
      <Filter>Header Files</Filter>
    </ClInclude>
    <ClInclude Include="GameManager.h">
      <Filter>Header Files</Filter>
    </ClInclude>
    <ClInclude Include="Components\Camera.h">
      <Filter>Components\Headers</Filter>
    </ClInclude>
    <ClInclude Include="Components\Collider.h">
      <Filter>Components\Headers</Filter>
    </ClInclude>
    <ClInclude Include="Components\Component.h">
      <Filter>Components\Headers</Filter>
    </ClInclude>
    <ClInclude Include="Components\Drawable.h">
      <Filter>Components\Headers</Filter>
    </ClInclude>
    <ClInclude Include="Components\GameObject.h">
      <Filter>Components\Headers</Filter>
    </ClInclude>
    <ClInclude Include="Components\GameObjectManager.h">
      <Filter>Components\Headers</Filter>
    </ClInclude>
    <ClInclude Include="Components\MeshCollider.h">
      <Filter>Components\Headers</Filter>
    </ClInclude>
    <ClInclude Include="Components\SquareCollider.h">
      <Filter>Components\Headers</Filter>
    </ClInclude>
    <ClInclude Include="Components\Transform.h">
      <Filter>Components\Headers</Filter>
    </ClInclude>
    <ClInclude Include="Graphics\Graphics.h">
      <Filter>Graphics\Headers</Filter>
    </ClInclude>
    <ClInclude Include="..\Libraries\imgui-1.82\imgui.h">
      <Filter>Graphics\ImGUI</Filter>
    </ClInclude>
    <ClInclude Include="..\Libraries\imgui-1.82\backends\imgui_impl_dx11.h">
      <Filter>Graphics\ImGUI</Filter>
    </ClInclude>
    <ClInclude Include="..\Libraries\imgui-1.82\backends\imgui_impl_sdl.h">
      <Filter>Graphics\ImGUI</Filter>
    </ClInclude>
    <ClInclude Include="..\Libraries\imgui-1.82\imgui_internal.h">
      <Filter>Graphics\ImGUI</Filter>
    </ClInclude>
    <ClInclude Include="..\Libraries\imgui-1.82\misc\cpp\imgui_stdlib.h">
      <Filter>Graphics\ImGUI</Filter>
    </ClInclude>
    <ClInclude Include="..\Libraries\imgui-1.82\imstb_rectpack.h">
      <Filter>Graphics\ImGUI</Filter>
    </ClInclude>
    <ClInclude Include="..\Libraries\imgui-1.82\imstb_textedit.h">
      <Filter>Graphics\ImGUI</Filter>
    </ClInclude>
    <ClInclude Include="..\Libraries\imgui-1.82\imstb_truetype.h">
      <Filter>Graphics\ImGUI</Filter>
    </ClInclude>
    <ClInclude Include="AudioManager.h">
      <Filter>Header Files</Filter>
    </ClInclude>
    <ClInclude Include="Components\Audible.h">
      <Filter>Header Files</Filter>
    </ClInclude>
    <ClInclude Include="Components\SpriteAnimator.h">
      <Filter>Components\Headers</Filter>
    </ClInclude>
    <ClInclude Include="Components\AnimationHelper.h">
      <Filter>Header Files</Filter>
    </ClInclude>
    <ClInclude Include="Components\Bullet.h">
      <Filter>Components\Headers</Filter>
    </ClInclude>
  </ItemGroup>
  <ItemGroup>
    <FxCompile Include="TestPixelShader.hlsl">
      <Filter>Resource Files</Filter>
    </FxCompile>
    <FxCompile Include="TestVertexShader.hlsl">
      <Filter>Resource Files</Filter>
    </FxCompile>
    <FxCompile Include="PixelShader.hlsl">
      <Filter>Resource Files</Filter>
    </FxCompile>
    <FxCompile Include="VertexShader.hlsl">
      <Filter>Resource Files</Filter>
    </FxCompile>
  </ItemGroup>
  <ItemGroup>
    <Text Include="..\Libraries\imgui-1.82\LICENSE.txt">
      <Filter>Graphics\ImGUI</Filter>
    </Text>
  </ItemGroup>
  <ItemGroup>
    <None Include="Resources\LuaScripts\ConfigurationScript.lua">
      <Filter>Lua Scripts</Filter>
    </None>
  </ItemGroup>
</Project>
