<?xml version="1.0" encoding="utf-8"?>
<Project ToolsVersion="4.0" xmlns="http://schemas.microsoft.com/developer/msbuild/2003">
  <ItemGroup>
    <Filter Include="Lua Scripts">
      <UniqueIdentifier>{a09a766b-8563-4e14-9b11-2e8763827523}</UniqueIdentifier>
    </Filter>
    <Filter Include="Engine">
      <UniqueIdentifier>{4FC737F1-C7A5-4376-A066-2A32D752A2FF}</UniqueIdentifier>
      <Extensions>cpp;c;cc;cxx;def;odl;idl;hpj;bat;asm;asmx</Extensions>
    </Filter>
    <Filter Include="Engine\Components">
      <UniqueIdentifier>{1856f23c-347c-4eee-bf7c-4b0c92ea47fd}</UniqueIdentifier>
    </Filter>
    <Filter Include="Dependencies">
      <UniqueIdentifier>{83574552-3c02-493e-ad05-068508ce3464}</UniqueIdentifier>
    </Filter>
    <Filter Include="Dependencies\ImGUI">
      <UniqueIdentifier>{802cb82c-e8f3-4524-b4e6-8bc865683697}</UniqueIdentifier>
    </Filter>
    <Filter Include="Engine\Core">
      <UniqueIdentifier>{3f3ce752-ce39-43d1-aef6-1a8bed5373fa}</UniqueIdentifier>
    </Filter>
    <Filter Include="Engine\Rendering">
      <UniqueIdentifier>{75f7d160-9f48-4228-9f86-4ffaebfc512e}</UniqueIdentifier>
    </Filter>
    <Filter Include="JSON">
      <UniqueIdentifier>{0f8d8bba-31f6-4fc9-a5d3-2a6887308b48}</UniqueIdentifier>
    </Filter>
    <Filter Include="Engine\Rendering\Shaders">
      <UniqueIdentifier>{67DA6AB6-F800-4c08-8B7A-83BB121AAD01}</UniqueIdentifier>
      <Extensions>rc;ico;cur;bmp;dlg;rc2;rct;bin;rgs;gif;jpg;jpeg;jpe;resx;tiff;tif;png;wav;mfcribbon-ms</Extensions>
    </Filter>
  </ItemGroup>
  <ItemGroup>
    <ClCompile Include="..\Libraries\imgui-1.82\imgui_demo.cpp">
      <Filter>Dependencies\ImGUI</Filter>
    </ClCompile>
    <ClCompile Include="..\Libraries\imgui-1.82\imgui_draw.cpp">
      <Filter>Dependencies\ImGUI</Filter>
    </ClCompile>
    <ClCompile Include="..\Libraries\imgui-1.82\backends\imgui_impl_dx11.cpp">
      <Filter>Dependencies\ImGUI</Filter>
    </ClCompile>
    <ClCompile Include="..\Libraries\imgui-1.82\backends\imgui_impl_sdl.cpp">
      <Filter>Dependencies\ImGUI</Filter>
    </ClCompile>
    <ClCompile Include="..\Libraries\imgui-1.82\misc\cpp\imgui_stdlib.cpp">
      <Filter>Dependencies\ImGUI</Filter>
    </ClCompile>
    <ClCompile Include="..\Libraries\imgui-1.82\imgui_tables.cpp">
      <Filter>Dependencies\ImGUI</Filter>
    </ClCompile>
    <ClCompile Include="..\Libraries\imgui-1.82\imgui_widgets.cpp">
      <Filter>Dependencies\ImGUI</Filter>
    </ClCompile>
    <ClCompile Include="..\Libraries\imgui-1.82\imgui.cpp">
      <Filter>Dependencies\ImGUI</Filter>
    </ClCompile>
    <ClCompile Include="Src\Components\Audible.cpp">
      <Filter>Engine\Components</Filter>
    </ClCompile>
    <ClCompile Include="Src\Components\Bullet.cpp">
      <Filter>Engine\Components</Filter>
    </ClCompile>
    <ClCompile Include="Src\Components\Camera.cpp">
      <Filter>Engine\Components</Filter>
    </ClCompile>
    <ClCompile Include="Src\Components\Component.cpp">
      <Filter>Engine\Components</Filter>
    </ClCompile>
    <ClCompile Include="Src\Components\Damageable.cpp">
      <Filter>Engine\Components</Filter>
    </ClCompile>
    <ClCompile Include="Src\Components\Drawable.cpp">
      <Filter>Engine\Components</Filter>
    </ClCompile>
    <ClCompile Include="Src\Components\GameObject.cpp">
      <Filter>Engine\Components</Filter>
    </ClCompile>
    <ClCompile Include="Src\Components\Player.cpp">
      <Filter>Engine\Components</Filter>
    </ClCompile>
    <ClCompile Include="Src\Components\SpriteAnimator.cpp">
      <Filter>Engine\Components</Filter>
    </ClCompile>
    <ClCompile Include="Src\Components\SquareCollider.cpp">
      <Filter>Engine\Components</Filter>
    </ClCompile>
    <ClCompile Include="Src\Components\Transform.cpp">
      <Filter>Engine\Components</Filter>
    </ClCompile>
    <ClCompile Include="Src\AudioManager.cpp">
      <Filter>Engine\Core</Filter>
    </ClCompile>
    <ClCompile Include="Src\EventManager.cpp">
      <Filter>Engine\Core</Filter>
    </ClCompile>
    <ClCompile Include="Src\FrameRateController.cpp">
      <Filter>Engine\Core</Filter>
    </ClCompile>
    <ClCompile Include="Src\GameManager.cpp">
      <Filter>Engine\Core</Filter>
    </ClCompile>
    <ClCompile Include="Src\GameObjectFactory.cpp">
      <Filter>Engine\Core</Filter>
    </ClCompile>
    <ClCompile Include="Src\GameObjectManager.cpp">
      <Filter>Engine\Core</Filter>
    </ClCompile>
    <ClCompile Include="Src\InputManager.cpp">
      <Filter>Engine\Core</Filter>
    </ClCompile>
    <ClCompile Include="Src\pch.cpp">
      <Filter>Engine\Core</Filter>
    </ClCompile>
    <ClCompile Include="Src\ResourceManager.cpp">
      <Filter>Engine\Core</Filter>
    </ClCompile>
    <ClCompile Include="Src\Renderer.cpp">
      <Filter>Engine\Rendering</Filter>
    </ClCompile>
    <ClCompile Include="Src\DebugRenderer.cpp">
      <Filter>Engine\Rendering</Filter>
    </ClCompile>
    <ClCompile Include="Src\Components\Damageable.cpp">
      <Filter>Engine</Filter>
    </ClCompile>
    <ClCompile Include="Src\Components\Door.cpp">
      <Filter>Engine\Components</Filter>
    </ClCompile>
    <ClCompile Include="Src\Components\EnemySpawner.cpp">
      <Filter>Engine\Components</Filter>
    </ClCompile>
    <ClCompile Include="Src\Components\WoodPile.cpp">
      <Filter>Engine\Components</Filter>
    </ClCompile>
    <ClCompile Include="Src\Components\Enemy.cpp">
      <Filter>Engine\Components</Filter>
    </ClCompile>
    <ClCompile Include="Src\Components\Gun.cpp">
      <Filter>Engine\Components</Filter>
    </ClCompile>
    <ClCompile Include="Src\Components\Interactable.cpp">
      <Filter>Engine\Components</Filter>
    </ClCompile>
    <ClCompile Include="Src\AStarTerrain.cpp">
      <Filter>Engine\Core</Filter>
    </ClCompile>
    <ClCompile Include="Src\Components\CircleCollider.cpp">
      <Filter>Engine\Components</Filter>
    </ClCompile>
    <ClCompile Include="Src\Components\Collider.cpp">
      <Filter>Engine\Components</Filter>
    </ClCompile>
    <ClCompile Include="Src\Components\FollowMouse.cpp">
      <Filter>Engine\Components</Filter>
    </ClCompile>
    <ClCompile Include="Src\Components\LevelGenerator.cpp">
      <Filter>Engine\Components</Filter>
    </ClCompile>
    <ClCompile Include="LuaManager.cpp">
      <Filter>Engine\Core</Filter>
    </ClCompile>
    <ClCompile Include="Src\main.cpp" />
    <ClCompile Include="Src\Components\Vortex.cpp">
      <Filter>Engine\Components</Filter>
    </ClCompile>
  </ItemGroup>
  <ItemGroup>
    <ClInclude Include="..\Libraries\imgui-1.82\imgui.h">
      <Filter>Dependencies\ImGUI</Filter>
    </ClInclude>
    <ClInclude Include="..\Libraries\imgui-1.82\backends\imgui_impl_dx11.h">
      <Filter>Dependencies\ImGUI</Filter>
    </ClInclude>
    <ClInclude Include="..\Libraries\imgui-1.82\backends\imgui_impl_sdl.h">
      <Filter>Dependencies\ImGUI</Filter>
    </ClInclude>
    <ClInclude Include="..\Libraries\imgui-1.82\imgui_internal.h">
      <Filter>Dependencies\ImGUI</Filter>
    </ClInclude>
    <ClInclude Include="..\Libraries\imgui-1.82\misc\cpp\imgui_stdlib.h">
      <Filter>Dependencies\ImGUI</Filter>
    </ClInclude>
    <ClInclude Include="..\Libraries\imgui-1.82\imstb_rectpack.h">
      <Filter>Dependencies\ImGUI</Filter>
    </ClInclude>
    <ClInclude Include="..\Libraries\imgui-1.82\imstb_textedit.h">
      <Filter>Dependencies\ImGUI</Filter>
    </ClInclude>
    <ClInclude Include="..\Libraries\imgui-1.82\imstb_truetype.h">
      <Filter>Dependencies\ImGUI</Filter>
    </ClInclude>
    <ClInclude Include="Src\Components\Audible.h">
      <Filter>Engine\Components</Filter>
    </ClInclude>
    <ClInclude Include="Src\Components\Bullet.h">
      <Filter>Engine\Components</Filter>
    </ClInclude>
    <ClInclude Include="Src\Components\Camera.h">
      <Filter>Engine\Components</Filter>
    </ClInclude>
    <ClInclude Include="Src\Components\Collider.h">
      <Filter>Engine\Components</Filter>
    </ClInclude>
    <ClInclude Include="Src\Components\Component.h">
      <Filter>Engine\Components</Filter>
    </ClInclude>
    <ClInclude Include="Src\Components\Damageable.h">
      <Filter>Engine\Components</Filter>
    </ClInclude>
    <ClInclude Include="Src\Components\Drawable.h">
      <Filter>Engine\Components</Filter>
    </ClInclude>
    <ClInclude Include="Src\Components\GameObject.h">
      <Filter>Engine\Components</Filter>
    </ClInclude>
    <ClInclude Include="Src\Components\Player.h">
      <Filter>Engine\Components</Filter>
    </ClInclude>
    <ClInclude Include="Src\Components\SpriteAnimator.h">
      <Filter>Engine\Components</Filter>
    </ClInclude>
    <ClInclude Include="Src\Components\SquareCollider.h">
      <Filter>Engine\Components</Filter>
    </ClInclude>
    <ClInclude Include="Src\Components\Transform.h">
      <Filter>Engine\Components</Filter>
    </ClInclude>
    <ClInclude Include="Src\AudioManager.h">
      <Filter>Engine\Core</Filter>
    </ClInclude>
    <ClInclude Include="Src\EventManager.h">
      <Filter>Engine\Core</Filter>
    </ClInclude>
    <ClInclude Include="Src\FMODResultStrings.h">
      <Filter>Engine\Core</Filter>
    </ClInclude>
    <ClInclude Include="Src\FrameRateController.h">
      <Filter>Engine\Core</Filter>
    </ClInclude>
    <ClInclude Include="Src\GameManager.h">
      <Filter>Engine\Core</Filter>
    </ClInclude>
    <ClInclude Include="Src\GameObjectFactory.h">
      <Filter>Engine\Core</Filter>
    </ClInclude>
    <ClInclude Include="Src\GameObjectManager.h">
      <Filter>Engine\Core</Filter>
    </ClInclude>
    <ClInclude Include="Src\InputManager.h">
      <Filter>Engine\Core</Filter>
    </ClInclude>
    <ClInclude Include="Src\Messages.h">
      <Filter>Engine\Core</Filter>
    </ClInclude>
    <ClInclude Include="Src\pch.h">
      <Filter>Engine\Core</Filter>
    </ClInclude>
    <ClInclude Include="Src\ResourceManager.h">
      <Filter>Engine\Core</Filter>
    </ClInclude>
    <ClInclude Include="Src\Renderer.h">
      <Filter>Engine\Rendering</Filter>
    </ClInclude>
    <ClInclude Include="Src\ConstantBuffer.h">
      <Filter>Engine\Rendering</Filter>
    </ClInclude>
    <ClInclude Include="Src\DebugRenderer.h">
      <Filter>Engine\Rendering</Filter>
    </ClInclude>
    <ClInclude Include="Src\Components\EnemySpawner.h">
      <Filter>Engine\Components</Filter>
    </ClInclude>
    <ClInclude Include="Src\Components\WoodPile.h">
      <Filter>Engine\Components</Filter>
    </ClInclude>
    <ClInclude Include="Src\Components\Enemy.h">
      <Filter>Engine\Components</Filter>
    </ClInclude>
    <ClInclude Include="Src\Components\Gun.h">
      <Filter>Engine\Components</Filter>
    </ClInclude>
    <ClInclude Include="Src\Components\Interactable.h">
      <Filter>Engine\Components</Filter>
    </ClInclude>
    <ClInclude Include="Src\Helpers.h">
      <Filter>Engine\Rendering</Filter>
    </ClInclude>
    <ClInclude Include="Src\CollisionResolution.h">
      <Filter>Engine\Core</Filter>
    </ClInclude>
    <ClInclude Include="Src\AStarTerrain.h">
      <Filter>Engine\Core</Filter>
    </ClInclude>
    <ClInclude Include="Src\Components\CircleCollider.h">
      <Filter>Engine\Components</Filter>
    </ClInclude>
    <ClInclude Include="Src\Components\FollowMouse.h">
      <Filter>Engine\Components</Filter>
    </ClInclude>
    <ClInclude Include="Src\Components\LevelGenerator.h">
      <Filter>Engine\Components</Filter>
    </ClInclude>
    <ClInclude Include="LuaManager.h">
      <Filter>Engine\Core</Filter>
    </ClInclude>
    <ClInclude Include="Src\CollisionResolution.h">
      <Filter>Engine\Core</Filter>
    </ClInclude>
    <ClInclude Include="Src\Helpers.h">
      <Filter>Engine\Rendering</Filter>
    </ClInclude>
    <ClInclude Include="Src\Components\Vortex.h">
      <Filter>Engine\Components</Filter>
    </ClInclude>
    <ClInclude Include="Src\Components\Door.h">
      <Filter>Engine\Components</Filter>
    </ClInclude>
  </ItemGroup>
  <ItemGroup>
    <Text Include="..\Libraries\imgui-1.82\LICENSE.txt">
      <Filter>Dependencies\ImGUI</Filter>
    </Text>
  </ItemGroup>
  <ItemGroup>
    <None Include="Resources\LuaScripts\ConfigurationScript.lua">
      <Filter>Lua Scripts</Filter>
    </None>
    <None Include="packages.config" />
    <None Include="Resources\json\5thSprite.json">
      <Filter>JSON</Filter>
    </None>
    <None Include="Resources\json\background_music.json">
      <Filter>JSON</Filter>
    </None>
    <None Include="Resources\json\bg.json">
      <Filter>JSON</Filter>
    </None>
    <None Include="Resources\json\bullet.json">
      <Filter>JSON</Filter>
    </None>
    <None Include="Resources\json\camera.json">
      <Filter>JSON</Filter>
    </None>
    <None Include="Resources\json\camera_background.json">
      <Filter>JSON</Filter>
    </None>
    <None Include="Resources\json\camera2.json">
      <Filter>JSON</Filter>
    </None>
    <None Include="Resources\json\controls.json">
      <Filter>JSON</Filter>
    </None>
    <None Include="Resources\json\credits.json">
      <Filter>JSON</Filter>
    </None>
    <None Include="Resources\json\crosshairs.json">
      <Filter>JSON</Filter>
    </None>
    <None Include="Resources\json\demo.json">
      <Filter>JSON</Filter>
    </None>
    <None Include="Resources\json\floorTile.json">
      <Filter>JSON</Filter>
    </None>
    <None Include="Resources\json\invin.json">
      <Filter>JSON</Filter>
    </None>
    <None Include="Resources\json\menu.json">
      <Filter>JSON</Filter>
    </None>
    <None Include="Resources\json\player.json">
      <Filter>JSON</Filter>
    </None>
    <None Include="Resources\json\prefabs.json">
      <Filter>JSON</Filter>
    </None>
    <None Include="Resources\json\sign.json">
      <Filter>JSON</Filter>
    </None>
    <None Include="Resources\json\slow.json">
      <Filter>JSON</Filter>
    </None>
    <None Include="Resources\json\spike.json">
      <Filter>JSON</Filter>
    </None>
    <None Include="Resources\json\tile.json">
      <Filter>JSON</Filter>
    </None>
    <None Include="Resources\json\title.json">
      <Filter>JSON</Filter>
    </None>
    <None Include="Resources\json\turret.json">
      <Filter>JSON</Filter>
    </None>
    <None Include="Resources\json\grassTile.json">
      <Filter>JSON</Filter>
    </None>
    <None Include="Resources\json\survival.json">
      <Filter>JSON</Filter>
    </None>
    <None Include="Resources\json\zombie.json">
      <Filter>JSON</Filter>
    </None>
    <None Include="Resources\json\zombieSpawner.json">
      <Filter>JSON</Filter>
    </None>
    <None Include="Resources\json\6thSprite.json">
      <Filter>JSON</Filter>
    </None>
    <None Include="Resources\json\bullet_fast.json">
      <Filter>JSON</Filter>
    </None>
    <None Include="Resources\json\concept_3_enemy.json">
      <Filter>JSON</Filter>
    </None>
    <None Include="Resources\json\concept_3_level.json">
      <Filter>JSON</Filter>
    </None>
    <None Include="Resources\json\concept_3_level_generator.json">
      <Filter>JSON</Filter>
    </None>
    <None Include="Resources\json\concept_3_player.json">
      <Filter>JSON</Filter>
    </None>
    <None Include="Resources\json\doorwayObj.json">
      <Filter>JSON</Filter>
    </None>
    <None Include="Resources\json\doorwayObj_back.json">
      <Filter>JSON</Filter>
    </None>
    <None Include="Resources\json\enemy.json">
      <Filter>JSON</Filter>
    </None>
    <None Include="Resources\json\enemy_bullet.json">
      <Filter>JSON</Filter>
    </None>
    <None Include="Resources\json\enemySpawner.json">
      <Filter>JSON</Filter>
    </None>
    <None Include="Resources\json\wall.json">
      <Filter>JSON</Filter>
    </None>
    <None Include="Resources\json\woodpile.json">
      <Filter>JSON</Filter>
    </None>
    <None Include="Resources\json\floor.json">
      <Filter>JSON</Filter>
    </None>
    <None Include="Resources\json\grass.json">
      <Filter>JSON</Filter>
    </None>
    <None Include="Resources\json\6thSprite.json">
      <Filter>JSON</Filter>
    </None>
    <None Include="Resources\json\bullet_fast.json">
      <Filter>JSON</Filter>
    </None>
    <None Include="Resources\json\concept_3_enemy.json">
      <Filter>JSON</Filter>
    </None>
    <None Include="Resources\json\concept_3_level.json">
      <Filter>JSON</Filter>
    </None>
    <None Include="Resources\json\concept_3_level_generator.json">
      <Filter>JSON</Filter>
    </None>
    <None Include="Resources\json\concept_3_player.json">
      <Filter>JSON</Filter>
    </None>
    <None Include="Resources\json\darkness.json">
      <Filter>JSON</Filter>
    </None>
    <None Include="Resources\json\doorwayObj.json">
      <Filter>JSON</Filter>
    </None>
    <None Include="Resources\json\doorwayObj_back.json">
      <Filter>JSON</Filter>
    </None>
    <None Include="Resources\json\enemy.json">
      <Filter>JSON</Filter>
    </None>
    <None Include="Resources\json\enemy_bullet.json">
      <Filter>JSON</Filter>
    </None>
    <None Include="Resources\json\enemySpawner.json">
      <Filter>JSON</Filter>
    </None>
    <None Include="Resources\json\grass.json">
      <Filter>JSON</Filter>
    </None>
    <None Include="Resources\json\junk.json">
      <Filter>JSON</Filter>
    </None>
    <None Include="Resources\json\tree.json">
      <Filter>JSON</Filter>
    </None>
    <None Include="Resources\json\6thSprite.json">
      <Filter>JSON</Filter>
    </None>
    <None Include="Resources\json\bullet_fast.json">
      <Filter>JSON</Filter>
    </None>
    <None Include="Resources\json\concept_3_enemy.json">
      <Filter>JSON</Filter>
    </None>
    <None Include="Resources\json\concept_3_level.json">
      <Filter>JSON</Filter>
    </None>
    <None Include="Resources\json\concept_3_level_generator.json">
      <Filter>JSON</Filter>
    </None>
    <None Include="Resources\json\concept_3_player.json">
      <Filter>JSON</Filter>
    </None>
    <None Include="Resources\json\darkness.json">
      <Filter>JSON</Filter>
    </None>
    <None Include="Resources\json\doorwayObj.json">
      <Filter>JSON</Filter>
    </None>
    <None Include="Resources\json\doorwayObj_back.json">
      <Filter>JSON</Filter>
    </None>
    <None Include="Resources\json\enemy.json">
      <Filter>JSON</Filter>
    </None>
    <None Include="Resources\json\enemy_bullet.json">
      <Filter>JSON</Filter>
    </None>
    <None Include="Resources\json\enemySpawner.json">
      <Filter>JSON</Filter>
    </None>
    <None Include="Resources\json\survival.json">
      <Filter>JSON</Filter>
    </None>
    <None Include="Resources\json\wall.json">
      <Filter>JSON</Filter>
    </None>
    <None Include="Resources\json\woodpile.json">
      <Filter>JSON</Filter>
    </None>
    <None Include="Resources\json\zombie.json">
      <Filter>JSON</Filter>
    </None>
    <None Include="Resources\json\zombieSpawner.json">
      <Filter>JSON</Filter>
    </None>
    <None Include="Resources\json\grass.json">
      <Filter>JSON</Filter>
    </None>
    <None Include="Resources\json\junk.json">
      <Filter>JSON</Filter>
    </None>
    <None Include="Resources\LuaScripts\playerScript.lua">
      <Filter>Lua Scripts</Filter>
    </None>
    <None Include="Resources\json\table.json">
      <Filter>JSON</Filter>
    </None>
    <None Include="Resources\json\chair_right.json">
      <Filter>JSON</Filter>
    </None>
    <None Include="Resources\json\chair_left.json">
      <Filter>JSON</Filter>
    </None>
    <None Include="Resources\json\couch_right.json">
      <Filter>JSON</Filter>
    </None>
    <None Include="Resources\json\couch_left.json">
      <Filter>JSON</Filter>
    </None>
    <None Include="Resources\json\couch.json">
      <Filter>JSON</Filter>
    </None>
    <None Include="Resources\json\big_tree.json">
      <Filter>JSON</Filter>
    </None>
    <None Include="Resources\json\rug.json">
      <Filter>JSON</Filter>
    </None>
    <None Include="Resources\json\enemySpawner2.json">
      <Filter>JSON</Filter>
    </None>
    <None Include="Resources\json\ghost.json">
      <Filter>JSON</Filter>
    </None>
    <None Include="Resources\json\side_scroller.json">
      <Filter>JSON</Filter>
    </None>
    <None Include="Resources\json\junkForSideScroller.json">
      <Filter>JSON</Filter>
    </None>
    <None Include="Resources\json\water_puddle.json">
      <Filter>JSON</Filter>
    </None>
    <None Include="Resources\json\vortex.json">
      <Filter>JSON</Filter>
    </None>
    <None Include="Resources\LuaScripts\playerScriptSidescroller.lua">
      <Filter>Lua Scripts</Filter>
    </None>
    <None Include="Resources\json\road.json" />
  </ItemGroup>
  <ItemGroup>
    <FxCompile Include="Src\Shaders\PixelShader.hlsl">
      <Filter>Engine\Rendering\Shaders</Filter>
    </FxCompile>
    <FxCompile Include="Src\Shaders\VertexShader.hlsl">
      <Filter>Engine\Rendering\Shaders</Filter>
    </FxCompile>
    <Text Include="..\Libraries\imgui-1.82\LICENSE.txt" />
    <FxCompile Include="Src\Shaders\RenderToTexPS.hlsl">
      <Filter>Engine\Rendering\Shaders</Filter>
    </FxCompile>
  </ItemGroup>
</Project>